
Microsoft Visual Studio Solution File, Format Version 12.00
# Visual Studio 15
VisualStudioVersion = 15.0.28307.902
MinimumVisualStudioVersion = 10.0.40219.1
Project("{8BC9CEB8-8B4A-11D0-8D11-00A0C91BC942}") = "动态数组", "Data_structure\Data_structure.vcxproj", "{876D10F5-D45B-4725-AB97-C4AAFCE493F4}"
EndProject
Project("{8BC9CEB8-8B4A-11D0-8D11-00A0C91BC942}") = "顺序表", "顺序表\顺序表.vcxproj", "{0660C87E-2933-403F-8F0E-943F2F8C26A0}"
EndProject
Project("{8BC9CEB8-8B4A-11D0-8D11-00A0C91BC942}") = "单链表", "单链表\单链表.vcxproj", "{FADA53D0-15D0-457C-8075-FC60AC5CCA34}"
EndProject
Project("{8BC9CEB8-8B4A-11D0-8D11-00A0C91BC942}") = "静态链表", "静态链表\静态链表.vcxproj", "{0C7A9ADF-604F-4319-B7A5-EA2CE70DF9E5}"
EndProject
Project("{8BC9CEB8-8B4A-11D0-8D11-00A0C91BC942}") = "双向链表", "双向链表\双向链表.vcxproj", "{C6240D7E-2F0A-47B5-8879-013E9AB7E86A}"
EndProject
Project("{8BC9CEB8-8B4A-11D0-8D11-00A0C91BC942}") = "循环链表", "循环链表\循环链表.vcxproj", "{BF048447-7F96-48EA-A125-4C5EE43AFF2E}"
EndProject
Project("{8BC9CEB8-8B4A-11D0-8D11-00A0C91BC942}") = "顺序栈", "栈\栈.vcxproj", "{AEFC3EF2-2876-4E29-B95F-6FFBFAD2833C}"
EndProject
Project("{8BC9CEB8-8B4A-11D0-8D11-00A0C91BC942}") = "链栈", "链栈\链栈.vcxproj", "{9B40453E-FB7E-45E3-9BDE-7F28B0D5821A}"
EndProject
Project("{8BC9CEB8-8B4A-11D0-8D11-00A0C91BC942}") = "顺序队列", "顺序队列\顺序队列.vcxproj", "{16690D25-D5CB-46CE-BF18-BBA789A41184}"
EndProject
Project("{8BC9CEB8-8B4A-11D0-8D11-00A0C91BC942}") = "顺序队列2", "顺序队列2\顺序队列2.vcxproj", "{08FF7992-1F0D-4E12-8125-76C56A26473F}"
EndProject
Project("{8BC9CEB8-8B4A-11D0-8D11-00A0C91BC942}") = "链队列", "链队列\链队列.vcxproj", "{3455D213-A4C5-4890-A9E2-92BBD9F3D474}"
EndProject
Project("{8BC9CEB8-8B4A-11D0-8D11-00A0C91BC942}") = "链式二叉树", "链式二叉树\链式二叉树.vcxproj", "{FB410434-B73E-4F18-A621-ACED3D9FB384}"
EndProject
Global
	GlobalSection(SolutionConfigurationPlatforms) = preSolution
		Debug|x64 = Debug|x64
		Debug|x86 = Debug|x86
		Release|x64 = Release|x64
		Release|x86 = Release|x86
	EndGlobalSection
	GlobalSection(ProjectConfigurationPlatforms) = postSolution
		{876D10F5-D45B-4725-AB97-C4AAFCE493F4}.Debug|x64.ActiveCfg = Debug|x64
		{876D10F5-D45B-4725-AB97-C4AAFCE493F4}.Debug|x64.Build.0 = Debug|x64
		{876D10F5-D45B-4725-AB97-C4AAFCE493F4}.Debug|x86.ActiveCfg = Debug|Win32
		{876D10F5-D45B-4725-AB97-C4AAFCE493F4}.Debug|x86.Build.0 = Debug|Win32
		{876D10F5-D45B-4725-AB97-C4AAFCE493F4}.Release|x64.ActiveCfg = Release|x64
		{876D10F5-D45B-4725-AB97-C4AAFCE493F4}.Release|x64.Build.0 = Release|x64
		{876D10F5-D45B-4725-AB97-C4AAFCE493F4}.Release|x86.ActiveCfg = Release|Win32
		{876D10F5-D45B-4725-AB97-C4AAFCE493F4}.Release|x86.Build.0 = Release|Win32
		{0660C87E-2933-403F-8F0E-943F2F8C26A0}.Debug|x64.ActiveCfg = Debug|x64
		{0660C87E-2933-403F-8F0E-943F2F8C26A0}.Debug|x64.Build.0 = Debug|x64
		{0660C87E-2933-403F-8F0E-943F2F8C26A0}.Debug|x86.ActiveCfg = Debug|Win32
		{0660C87E-2933-403F-8F0E-943F2F8C26A0}.Debug|x86.Build.0 = Debug|Win32
		{0660C87E-2933-403F-8F0E-943F2F8C26A0}.Release|x64.ActiveCfg = Release|x64
		{0660C87E-2933-403F-8F0E-943F2F8C26A0}.Release|x64.Build.0 = Release|x64
		{0660C87E-2933-403F-8F0E-943F2F8C26A0}.Release|x86.ActiveCfg = Release|Win32
		{0660C87E-2933-403F-8F0E-943F2F8C26A0}.Release|x86.Build.0 = Release|Win32
		{FADA53D0-15D0-457C-8075-FC60AC5CCA34}.Debug|x64.ActiveCfg = Debug|x64
		{FADA53D0-15D0-457C-8075-FC60AC5CCA34}.Debug|x64.Build.0 = Debug|x64
		{FADA53D0-15D0-457C-8075-FC60AC5CCA34}.Debug|x86.ActiveCfg = Debug|Win32
		{FADA53D0-15D0-457C-8075-FC60AC5CCA34}.Debug|x86.Build.0 = Debug|Win32
		{FADA53D0-15D0-457C-8075-FC60AC5CCA34}.Release|x64.ActiveCfg = Release|x64
		{FADA53D0-15D0-457C-8075-FC60AC5CCA34}.Release|x64.Build.0 = Release|x64
		{FADA53D0-15D0-457C-8075-FC60AC5CCA34}.Release|x86.ActiveCfg = Release|Win32
		{FADA53D0-15D0-457C-8075-FC60AC5CCA34}.Release|x86.Build.0 = Release|Win32
		{0C7A9ADF-604F-4319-B7A5-EA2CE70DF9E5}.Debug|x64.ActiveCfg = Debug|x64
		{0C7A9ADF-604F-4319-B7A5-EA2CE70DF9E5}.Debug|x64.Build.0 = Debug|x64
		{0C7A9ADF-604F-4319-B7A5-EA2CE70DF9E5}.Debug|x86.ActiveCfg = Debug|Win32
		{0C7A9ADF-604F-4319-B7A5-EA2CE70DF9E5}.Debug|x86.Build.0 = Debug|Win32
		{0C7A9ADF-604F-4319-B7A5-EA2CE70DF9E5}.Release|x64.ActiveCfg = Release|x64
		{0C7A9ADF-604F-4319-B7A5-EA2CE70DF9E5}.Release|x64.Build.0 = Release|x64
		{0C7A9ADF-604F-4319-B7A5-EA2CE70DF9E5}.Release|x86.ActiveCfg = Release|Win32
		{0C7A9ADF-604F-4319-B7A5-EA2CE70DF9E5}.Release|x86.Build.0 = Release|Win32
		{C6240D7E-2F0A-47B5-8879-013E9AB7E86A}.Debug|x64.ActiveCfg = Debug|x64
		{C6240D7E-2F0A-47B5-8879-013E9AB7E86A}.Debug|x64.Build.0 = Debug|x64
		{C6240D7E-2F0A-47B5-8879-013E9AB7E86A}.Debug|x86.ActiveCfg = Debug|Win32
		{C6240D7E-2F0A-47B5-8879-013E9AB7E86A}.Debug|x86.Build.0 = Debug|Win32
		{C6240D7E-2F0A-47B5-8879-013E9AB7E86A}.Release|x64.ActiveCfg = Release|x64
		{C6240D7E-2F0A-47B5-8879-013E9AB7E86A}.Release|x64.Build.0 = Release|x64
		{C6240D7E-2F0A-47B5-8879-013E9AB7E86A}.Release|x86.ActiveCfg = Release|Win32
		{C6240D7E-2F0A-47B5-8879-013E9AB7E86A}.Release|x86.Build.0 = Release|Win32
		{BF048447-7F96-48EA-A125-4C5EE43AFF2E}.Debug|x64.ActiveCfg = Debug|x64
		{BF048447-7F96-48EA-A125-4C5EE43AFF2E}.Debug|x64.Build.0 = Debug|x64
		{BF048447-7F96-48EA-A125-4C5EE43AFF2E}.Debug|x86.ActiveCfg = Debug|Win32
		{BF048447-7F96-48EA-A125-4C5EE43AFF2E}.Debug|x86.Build.0 = Debug|Win32
		{BF048447-7F96-48EA-A125-4C5EE43AFF2E}.Release|x64.ActiveCfg = Release|x64
		{BF048447-7F96-48EA-A125-4C5EE43AFF2E}.Release|x64.Build.0 = Release|x64
		{BF048447-7F96-48EA-A125-4C5EE43AFF2E}.Release|x86.ActiveCfg = Release|Win32
		{BF048447-7F96-48EA-A125-4C5EE43AFF2E}.Release|x86.Build.0 = Release|Win32
		{AEFC3EF2-2876-4E29-B95F-6FFBFAD2833C}.Debug|x64.ActiveCfg = Debug|x64
		{AEFC3EF2-2876-4E29-B95F-6FFBFAD2833C}.Debug|x64.Build.0 = Debug|x64
		{AEFC3EF2-2876-4E29-B95F-6FFBFAD2833C}.Debug|x86.ActiveCfg = Debug|Win32
		{AEFC3EF2-2876-4E29-B95F-6FFBFAD2833C}.Debug|x86.Build.0 = Debug|Win32
		{AEFC3EF2-2876-4E29-B95F-6FFBFAD2833C}.Release|x64.ActiveCfg = Release|x64
		{AEFC3EF2-2876-4E29-B95F-6FFBFAD2833C}.Release|x64.Build.0 = Release|x64
		{AEFC3EF2-2876-4E29-B95F-6FFBFAD2833C}.Release|x86.ActiveCfg = Release|Win32
		{AEFC3EF2-2876-4E29-B95F-6FFBFAD2833C}.Release|x86.Build.0 = Release|Win32
		{9B40453E-FB7E-45E3-9BDE-7F28B0D5821A}.Debug|x64.ActiveCfg = Debug|x64
		{9B40453E-FB7E-45E3-9BDE-7F28B0D5821A}.Debug|x64.Build.0 = Debug|x64
		{9B40453E-FB7E-45E3-9BDE-7F28B0D5821A}.Debug|x86.ActiveCfg = Debug|Win32
		{9B40453E-FB7E-45E3-9BDE-7F28B0D5821A}.Debug|x86.Build.0 = Debug|Win32
		{9B40453E-FB7E-45E3-9BDE-7F28B0D5821A}.Release|x64.ActiveCfg = Release|x64
		{9B40453E-FB7E-45E3-9BDE-7F28B0D5821A}.Release|x64.Build.0 = Release|x64
		{9B40453E-FB7E-45E3-9BDE-7F28B0D5821A}.Release|x86.ActiveCfg = Release|Win32
		{9B40453E-FB7E-45E3-9BDE-7F28B0D5821A}.Release|x86.Build.0 = Release|Win32
		{16690D25-D5CB-46CE-BF18-BBA789A41184}.Debug|x64.ActiveCfg = Debug|x64
		{16690D25-D5CB-46CE-BF18-BBA789A41184}.Debug|x64.Build.0 = Debug|x64
		{16690D25-D5CB-46CE-BF18-BBA789A41184}.Debug|x86.ActiveCfg = Debug|Win32
		{16690D25-D5CB-46CE-BF18-BBA789A41184}.Debug|x86.Build.0 = Debug|Win32
		{16690D25-D5CB-46CE-BF18-BBA789A41184}.Release|x64.ActiveCfg = Release|x64
		{16690D25-D5CB-46CE-BF18-BBA789A41184}.Release|x64.Build.0 = Release|x64
		{16690D25-D5CB-46CE-BF18-BBA789A41184}.Release|x86.ActiveCfg = Release|Win32
		{16690D25-D5CB-46CE-BF18-BBA789A41184}.Release|x86.Build.0 = Release|Win32
		{08FF7992-1F0D-4E12-8125-76C56A26473F}.Debug|x64.ActiveCfg = Debug|x64
		{08FF7992-1F0D-4E12-8125-76C56A26473F}.Debug|x64.Build.0 = Debug|x64
		{08FF7992-1F0D-4E12-8125-76C56A26473F}.Debug|x86.ActiveCfg = Debug|Win32
		{08FF7992-1F0D-4E12-8125-76C56A26473F}.Debug|x86.Build.0 = Debug|Win32
		{08FF7992-1F0D-4E12-8125-76C56A26473F}.Release|x64.ActiveCfg = Release|x64
		{08FF7992-1F0D-4E12-8125-76C56A26473F}.Release|x64.Build.0 = Release|x64
		{08FF7992-1F0D-4E12-8125-76C56A26473F}.Release|x86.ActiveCfg = Release|Win32
		{08FF7992-1F0D-4E12-8125-76C56A26473F}.Release|x86.Build.0 = Release|Win32
		{3455D213-A4C5-4890-A9E2-92BBD9F3D474}.Debug|x64.ActiveCfg = Debug|x64
		{3455D213-A4C5-4890-A9E2-92BBD9F3D474}.Debug|x64.Build.0 = Debug|x64
		{3455D213-A4C5-4890-A9E2-92BBD9F3D474}.Debug|x86.ActiveCfg = Debug|Win32
		{3455D213-A4C5-4890-A9E2-92BBD9F3D474}.Debug|x86.Build.0 = Debug|Win32
		{3455D213-A4C5-4890-A9E2-92BBD9F3D474}.Release|x64.ActiveCfg = Release|x64
		{3455D213-A4C5-4890-A9E2-92BBD9F3D474}.Release|x64.Build.0 = Release|x64
		{3455D213-A4C5-4890-A9E2-92BBD9F3D474}.Release|x86.ActiveCfg = Release|Win32
		{3455D213-A4C5-4890-A9E2-92BBD9F3D474}.Release|x86.Build.0 = Release|Win32
		{FB410434-B73E-4F18-A621-ACED3D9FB384}.Debug|x64.ActiveCfg = Debug|x64
		{FB410434-B73E-4F18-A621-ACED3D9FB384}.Debug|x64.Build.0 = Debug|x64
		{FB410434-B73E-4F18-A621-ACED3D9FB384}.Debug|x86.ActiveCfg = Debug|Win32
		{FB410434-B73E-4F18-A621-ACED3D9FB384}.Debug|x86.Build.0 = Debug|Win32
		{FB410434-B73E-4F18-A621-ACED3D9FB384}.Release|x64.ActiveCfg = Release|x64
		{FB410434-B73E-4F18-A621-ACED3D9FB384}.Release|x64.Build.0 = Release|x64
		{FB410434-B73E-4F18-A621-ACED3D9FB384}.Release|x86.ActiveCfg = Release|Win32
		{FB410434-B73E-4F18-A621-ACED3D9FB384}.Release|x86.Build.0 = Release|Win32
	EndGlobalSection
	GlobalSection(SolutionProperties) = preSolution
		HideSolutionNode = FALSE
	EndGlobalSection
	GlobalSection(ExtensibilityGlobals) = postSolution
		SolutionGuid = {AFDB7A2D-3571-424F-913B-A1511F9168A2}
	EndGlobalSection
EndGlobal
